
Microsoft Visual Studio Solution File, Format Version 12.00
# Visual Studio Version 16
VisualStudioVersion = 25.0.1704.4
MinimumVisualStudioVersion = 10.0.40219.1
Project("{FAE04EC0-301F-11D3-BF4B-00C04F79EFBC}") = "CS_homecopyofcoursework", "CS_homecopyofcoursework\CS_homecopyofcoursework.csproj", "{A2485955-993F-4C99-87C5-AF39135E00EB}"
EndProject
Global
	GlobalSection(SolutionConfigurationPlatforms) = preSolution
		Debug|Any CPU = Debug|Any CPU
		Release|Any CPU = Release|Any CPU
	EndGlobalSection
	GlobalSection(ProjectConfigurationPlatforms) = postSolution
		{A2485955-993F-4C99-87C5-AF39135E00EB}.Debug|Any CPU.ActiveCfg = Debug|Any CPU
		{A2485955-993F-4C99-87C5-AF39135E00EB}.Debug|Any CPU.Build.0 = Debug|Any CPU
		{A2485955-993F-4C99-87C5-AF39135E00EB}.Release|Any CPU.ActiveCfg = Release|Any CPU
		{A2485955-993F-4C99-87C5-AF39135E00EB}.Release|Any CPU.Build.0 = Release|Any CPU
	EndGlobalSection
	GlobalSection(SolutionProperties) = preSolution
		HideSolutionNode = FALSE
	EndGlobalSection
	GlobalSection(ExtensibilityGlobals) = postSolution
		SolutionGuid = {75F4A2F4-68F4-46F3-A126-8239558689AA}
	EndGlobalSection
EndGlobal
